
Microsoft Visual Studio Solution File, Format Version 12.00
# Visual Studio Version 17
VisualStudioVersion = 17.14.36518.9 d17.14
MinimumVisualStudioVersion = 10.0.40219.1
Project("{FAE04EC0-301F-11D3-BF4B-00C04F79EFBC}") = "PurchaseTransaction", "PurchaseTransaction\PurchaseTransaction.csproj", "{D5579545-E5EB-431F-A325-AC9720CC6166}"
EndProject
Project("{FAE04EC0-301F-11D3-BF4B-00C04F79EFBC}") = "PurchaseTransaction.Test", "PurchaseTransaction.Test\PurchaseTransaction.Test.csproj", "{ACA121ED-658C-468F-B609-4BACA234FEF6}"
EndProject
Global
	GlobalSection(SolutionConfigurationPlatforms) = preSolution
		Debug|Any CPU = Debug|Any CPU
		Release|Any CPU = Release|Any CPU
	EndGlobalSection
	GlobalSection(ProjectConfigurationPlatforms) = postSolution
		{D5579545-E5EB-431F-A325-AC9720CC6166}.Debug|Any CPU.ActiveCfg = Debug|Any CPU
		{D5579545-E5EB-431F-A325-AC9720CC6166}.Debug|Any CPU.Build.0 = Debug|Any CPU
		{D5579545-E5EB-431F-A325-AC9720CC6166}.Release|Any CPU.ActiveCfg = Release|Any CPU
		{D5579545-E5EB-431F-A325-AC9720CC6166}.Release|Any CPU.Build.0 = Release|Any CPU
		{ACA121ED-658C-468F-B609-4BACA234FEF6}.Debug|Any CPU.ActiveCfg = Debug|Any CPU
		{ACA121ED-658C-468F-B609-4BACA234FEF6}.Debug|Any CPU.Build.0 = Debug|Any CPU
		{ACA121ED-658C-468F-B609-4BACA234FEF6}.Release|Any CPU.ActiveCfg = Release|Any CPU
		{ACA121ED-658C-468F-B609-4BACA234FEF6}.Release|Any CPU.Build.0 = Release|Any CPU
	EndGlobalSection
	GlobalSection(SolutionProperties) = preSolution
		HideSolutionNode = FALSE
	EndGlobalSection
	GlobalSection(ExtensibilityGlobals) = postSolution
		SolutionGuid = {8AE2DAC0-4D78-41A4-9628-5639F68397F5}
	EndGlobalSection
EndGlobal
